
Microsoft Visual Studio Solution File, Format Version 12.00
Project("{FAE04EC0-301F-11D3-BF4B-00C04F79EFBC}") = "QAP", "QAP.csproj", "{872AF855-3D0A-45B2-B3FE-B5F8FE3C293D}"
EndProject
Global
	GlobalSection(SolutionConfigurationPlatforms) = preSolution
		Debug|Any CPU = Debug|Any CPU
		Release|Any CPU = Release|Any CPU
	EndGlobalSection
	GlobalSection(ProjectConfigurationPlatforms) = postSolution
		{872AF855-3D0A-45B2-B3FE-B5F8FE3C293D}.Debug|Any CPU.ActiveCfg = Debug|Any CPU
		{872AF855-3D0A-45B2-B3FE-B5F8FE3C293D}.Debug|Any CPU.Build.0 = Debug|Any CPU
		{872AF855-3D0A-45B2-B3FE-B5F8FE3C293D}.Release|Any CPU.ActiveCfg = Release|Any CPU
		{872AF855-3D0A-45B2-B3FE-B5F8FE3C293D}.Release|Any CPU.Build.0 = Release|Any CPU
	EndGlobalSection
EndGlobal
